
Microsoft Visual Studio Solution File, Format Version 12.00
# Visual Studio Version 16
VisualStudioVersion = 16.0.30503.244
MinimumVisualStudioVersion = 10.0.40219.1
Project("{FAE04EC0-301F-11D3-BF4B-00C04F79EFBC}") = "PWAs-With-AspDotNetCore", "PWAs-With-AspDotNetCore\PWAs-With-AspDotNetCore.csproj", "{BD67222F-F85D-437B-891D-6AE9AFE7BBFC}"
EndProject
Global
	GlobalSection(SolutionConfigurationPlatforms) = preSolution
		Debug|Any CPU = Debug|Any CPU
		Release|Any CPU = Release|Any CPU
	EndGlobalSection
	GlobalSection(ProjectConfigurationPlatforms) = postSolution
		{BD67222F-F85D-437B-891D-6AE9AFE7BBFC}.Debug|Any CPU.ActiveCfg = Debug|Any CPU
		{BD67222F-F85D-437B-891D-6AE9AFE7BBFC}.Debug|Any CPU.Build.0 = Debug|Any CPU
		{BD67222F-F85D-437B-891D-6AE9AFE7BBFC}.Release|Any CPU.ActiveCfg = Release|Any CPU
		{BD67222F-F85D-437B-891D-6AE9AFE7BBFC}.Release|Any CPU.Build.0 = Release|Any CPU
	EndGlobalSection
	GlobalSection(SolutionProperties) = preSolution
		HideSolutionNode = FALSE
	EndGlobalSection
	GlobalSection(ExtensibilityGlobals) = postSolution
		SolutionGuid = {E684BC6B-88B3-4966-A297-D8B0F9EA7A3E}
	EndGlobalSection
EndGlobal
